
Microsoft Visual Studio Solution File, Format Version 12.00
Project("{FAE04EC0-301F-11D3-BF4B-00C04F79EFBC}") = "Arrowgene.Baf", "Arrowgene.Baf\Arrowgene.Baf.csproj", "{482330D0-1DA4-4271-A92B-CE6CFF7C819D}"
EndProject
Global
	GlobalSection(SolutionConfigurationPlatforms) = preSolution
		Debug|Any CPU = Debug|Any CPU
		Release|Any CPU = Release|Any CPU
	EndGlobalSection
	GlobalSection(ProjectConfigurationPlatforms) = postSolution
		{482330D0-1DA4-4271-A92B-CE6CFF7C819D}.Debug|Any CPU.ActiveCfg = Debug|Any CPU
		{482330D0-1DA4-4271-A92B-CE6CFF7C819D}.Debug|Any CPU.Build.0 = Debug|Any CPU
		{482330D0-1DA4-4271-A92B-CE6CFF7C819D}.Release|Any CPU.ActiveCfg = Release|Any CPU
		{482330D0-1DA4-4271-A92B-CE6CFF7C819D}.Release|Any CPU.Build.0 = Release|Any CPU
	EndGlobalSection
EndGlobal
